
Microsoft Visual Studio Solution File, Format Version 12.00
# Visual Studio Version 16
VisualStudioVersion = 16.0.32106.194
MinimumVisualStudioVersion = 10.0.40219.1
Project("{FAE04EC0-301F-11D3-BF4B-00C04F79EFBC}") = "AspMVCDatatableServerSidePaging", "AspMVCDatatableServerSidePaging\AspMVCDatatableServerSidePaging.csproj", "{B10193BA-E37B-4C8D-9189-1C224803E626}"
EndProject
Global
	GlobalSection(SolutionConfigurationPlatforms) = preSolution
		Debug|Any CPU = Debug|Any CPU
		Release|Any CPU = Release|Any CPU
	EndGlobalSection
	GlobalSection(ProjectConfigurationPlatforms) = postSolution
		{B10193BA-E37B-4C8D-9189-1C224803E626}.Debug|Any CPU.ActiveCfg = Debug|Any CPU
		{B10193BA-E37B-4C8D-9189-1C224803E626}.Debug|Any CPU.Build.0 = Debug|Any CPU
		{B10193BA-E37B-4C8D-9189-1C224803E626}.Release|Any CPU.ActiveCfg = Release|Any CPU
		{B10193BA-E37B-4C8D-9189-1C224803E626}.Release|Any CPU.Build.0 = Release|Any CPU
	EndGlobalSection
	GlobalSection(SolutionProperties) = preSolution
		HideSolutionNode = FALSE
	EndGlobalSection
	GlobalSection(ExtensibilityGlobals) = postSolution
		SolutionGuid = {F93A693A-1417-4E13-8790-CDEC9670F7C4}
	EndGlobalSection
EndGlobal
